
Microsoft Visual Studio Solution File, Format Version 12.00
# Visual Studio Version 17
VisualStudioVersion = 17.0.32014.148
MinimumVisualStudioVersion = 10.0.40219.1
Project("{FAE04EC0-301F-11D3-BF4B-00C04F79EFBC}") = "console örnek1", "console örnek1.csproj", "{D9CA8C5D-12DF-4D40-8218-745C8DDD25CC}"
EndProject
Global
	GlobalSection(SolutionConfigurationPlatforms) = preSolution
		Debug|Any CPU = Debug|Any CPU
		Release|Any CPU = Release|Any CPU
	EndGlobalSection
	GlobalSection(ProjectConfigurationPlatforms) = postSolution
		{D9CA8C5D-12DF-4D40-8218-745C8DDD25CC}.Debug|Any CPU.ActiveCfg = Debug|Any CPU
		{D9CA8C5D-12DF-4D40-8218-745C8DDD25CC}.Debug|Any CPU.Build.0 = Debug|Any CPU
		{D9CA8C5D-12DF-4D40-8218-745C8DDD25CC}.Release|Any CPU.ActiveCfg = Release|Any CPU
		{D9CA8C5D-12DF-4D40-8218-745C8DDD25CC}.Release|Any CPU.Build.0 = Release|Any CPU
	EndGlobalSection
	GlobalSection(SolutionProperties) = preSolution
		HideSolutionNode = FALSE
	EndGlobalSection
	GlobalSection(ExtensibilityGlobals) = postSolution
		SolutionGuid = {FCCA371D-ED86-453F-B56C-15CB0F1E7109}
	EndGlobalSection
EndGlobal
